// !$*UTF8*$!
{
	archiveVersion = 1;
	classes = {
	};
	objectVersion = 50;
	objects = {

/* Begin PBXBuildFile section */
		021BD72026817C9C00D265FB /* AppDelegate.swift in Sources */ = {isa = PBXBuildFile; fileRef = 021BD71F26817C9C00D265FB /* AppDelegate.swift */; };
		021BD72226817C9C00D265FB /* SceneDelegate.swift in Sources */ = {isa = PBXBuildFile; fileRef = 021BD72126817C9C00D265FB /* SceneDelegate.swift */; };
		021BD72626817C9D00D265FB /* Assets.xcassets in Resources */ = {isa = PBXBuildFile; fileRef = 021BD72526817C9D00D265FB /* Assets.xcassets */; };
		021BD72926817C9D00D265FB /* Preview Assets.xcassets in Resources */ = {isa = PBXBuildFile; fileRef = 021BD72826817C9D00D265FB /* Preview Assets.xcassets */; };
		021BD72C26817C9D00D265FB /* LaunchScreen.storyboard in Resources */ = {isa = PBXBuildFile; fileRef = 021BD72A26817C9D00D265FB /* LaunchScreen.storyboard */; };
		021BD73B26817CD600D265FB /* PostViewController.swift in Sources */ = {isa = PBXBuildFile; fileRef = 021BD73A26817CD600D265FB /* PostViewController.swift */; };
		021BD74326817CFB00D265FB /* PostData.swift in Sources */ = {isa = PBXBuildFile; fileRef = 021BD74226817CFB00D265FB /* PostData.swift */; };
		021BD74626817D0E00D265FB /* PostCell.swift in Sources */ = {isa = PBXBuildFile; fileRef = 021BD74526817D0E00D265FB /* PostCell.swift */; };
/* End PBXBuildFile section */

/* Begin PBXFileReference section */
		021BD71C26817C9C00D265FB /* APIPractice.app */ = {isa = PBXFileReference; explicitFileType = wrapper.application; includeInIndex = 0; path = APIPractice.app; sourceTree = BUILT_PRODUCTS_DIR; };
		021BD71F26817C9C00D265FB /* AppDelegate.swift */ = {isa = PBXFileReference; lastKnownFileType = sourcecode.swift; path = AppDelegate.swift; sourceTree = "<group>"; };
		021BD72126817C9C00D265FB /* SceneDelegate.swift */ = {isa = PBXFileReference; lastKnownFileType = sourcecode.swift; path = SceneDelegate.swift; sourceTree = "<group>"; };
		021BD72526817C9D00D265FB /* Assets.xcassets */ = {isa = PBXFileReference; lastKnownFileType = folder.assetcatalog; path = Assets.xcassets; sourceTree = "<group>"; };
		021BD72826817C9D00D265FB /* Preview Assets.xcassets */ = {isa = PBXFileReference; lastKnownFileType = folder.assetcatalog; path = "Preview Assets.xcassets"; sourceTree = "<group>"; };
		021BD72B26817C9D00D265FB /* Base */ = {isa = PBXFileReference; lastKnownFileType = file.storyboard; name = Base; path = Base.lproj/LaunchScreen.storyboard; sourceTree = "<group>"; };
		021BD72D26817C9D00D265FB /* Info.plist */ = {isa = PBXFileReference; lastKnownFileType = text.plist.xml; path = Info.plist; sourceTree = "<group>"; };
		021BD73A26817CD600D265FB /* PostViewController.swift */ = {isa = PBXFileReference; lastKnownFileType = sourcecode.swift; path = PostViewController.swift; sourceTree = "<group>"; };
		021BD74226817CFB00D265FB /* PostData.swift */ = {isa = PBXFileReference; lastKnownFileType = sourcecode.swift; path = PostData.swift; sourceTree = "<group>"; };
		021BD74526817D0E00D265FB /* PostCell.swift */ = {isa = PBXFileReference; lastKnownFileType = sourcecode.swift; path = PostCell.swift; sourceTree = "<group>"; };
/* End PBXFileReference section */

/* Begin PBXFrameworksBuildPhase section */
		021BD71926817C9C00D265FB /* Frameworks */ = {
			isa = PBXFrameworksBuildPhase;
			buildActionMask = 2147483647;
			files = (
			);
			runOnlyForDeploymentPostprocessing = 0;
		};
/* End PBXFrameworksBuildPhase section */

/* Begin PBXGroup section */
		021BD71326817C9C00D265FB = {
			isa = PBXGroup;
			children = (
				021BD71E26817C9C00D265FB /* APIPractice */,
				021BD71D26817C9C00D265FB /* Products */,
			);
			sourceTree = "<group>";
		};
		021BD71D26817C9C00D265FB /* Products */ = {
			isa = PBXGroup;
			children = (
				021BD71C26817C9C00D265FB /* APIPractice.app */,
			);
			name = Products;
			sourceTree = "<group>";
		};
		021BD71E26817C9C00D265FB /* APIPractice */ = {
			isa = PBXGroup;
			children = (
				021BD71F26817C9C00D265FB /* AppDelegate.swift */,
				021BD72126817C9C00D265FB /* SceneDelegate.swift */,
				021BD73426817CA800D265FB /* PostAPI */,
				021BD72526817C9D00D265FB /* Assets.xcassets */,
				021BD72A26817C9D00D265FB /* LaunchScreen.storyboard */,
				021BD72D26817C9D00D265FB /* Info.plist */,
				021BD72726817C9D00D265FB /* Preview Content */,
			);
			path = APIPractice;
			sourceTree = "<group>";
		};
		021BD72726817C9D00D265FB /* Preview Content */ = {
			isa = PBXGroup;
			children = (
				021BD72826817C9D00D265FB /* Preview Assets.xcassets */,
			);
			path = "Preview Content";
			sourceTree = "<group>";
		};
		021BD73426817CA800D265FB /* PostAPI */ = {
			isa = PBXGroup;
			children = (
				021BD73826817CC500D265FB /* M */,
				021BD73926817CC800D265FB /* V */,
				021BD73726817CBE00D265FB /* C */,
			);
			path = PostAPI;
			sourceTree = "<group>";
		};
		021BD73726817CBE00D265FB /* C */ = {
			isa = PBXGroup;
			children = (
				021BD73A26817CD600D265FB /* PostViewController.swift */,
			);
			name = C;
			sourceTree = "<group>";
		};
		021BD73826817CC500D265FB /* M */ = {
			isa = PBXGroup;
			children = (
				021BD74226817CFB00D265FB /* PostData.swift */,
			);
			name = M;
			sourceTree = "<group>";
		};
		021BD73926817CC800D265FB /* V */ = {
			isa = PBXGroup;
			children = (
				021BD74526817D0E00D265FB /* PostCell.swift */,
			);
			name = V;
			sourceTree = "<group>";
		};
/* End PBXGroup section */

/* Begin PBXNativeTarget section */
		021BD71B26817C9C00D265FB /* APIPractice */ = {
			isa = PBXNativeTarget;
			buildConfigurationList = 021BD73026817C9D00D265FB /* Build configuration list for PBXNativeTarget "APIPractice" */;
			buildPhases = (
				021BD71826817C9C00D265FB /* Sources */,
				021BD71926817C9C00D265FB /* Frameworks */,
				021BD71A26817C9C00D265FB /* Resources */,
			);
			buildRules = (
			);
			dependencies = (
			);
			name = APIPractice;
			productName = APIPractice;
			productReference = 021BD71C26817C9C00D265FB /* APIPractice.app */;
			productType = "com.apple.product-type.application";
		};
/* End PBXNativeTarget section */

/* Begin PBXProject section */
		021BD71426817C9C00D265FB /* Project object */ = {
			isa = PBXProject;
			attributes = {
				LastSwiftUpdateCheck = 1240;
				LastUpgradeCheck = 1240;
				TargetAttributes = {
					021BD71B26817C9C00D265FB = {
						CreatedOnToolsVersion = 12.4;
					};
				};
			};
			buildConfigurationList = 021BD71726817C9C00D265FB /* Build configuration list for PBXProject "APIPractice" */;
			compatibilityVersion = "Xcode 9.3";
			developmentRegion = en;
			hasScannedForEncodings = 0;
			knownRegions = (
				en,
				Base,
			);
			mainGroup = 021BD71326817C9C00D265FB;
			productRefGroup = 021BD71D26817C9C00D265FB /* Products */;
			projectDirPath = "";
			projectRoot = "";
			targets = (
				021BD71B26817C9C00D265FB /* APIPractice */,
			);
		};
/* End PBXProject section */

/* Begin PBXResourcesBuildPhase section */
		021BD71A26817C9C00D265FB /* Resources */ = {
			isa = PBXResourcesBuildPhase;
			buildActionMask = 2147483647;
			files = (
				021BD72C26817C9D00D265FB /* LaunchScreen.storyboard in Resources */,
				021BD72926817C9D00D265FB /* Preview Assets.xcassets in Resources */,
				021BD72626817C9D00D265FB /* Assets.xcassets in Resources */,
			);
			runOnlyForDeploymentPostprocessing = 0;
		};
/* End PBXResourcesBuildPhase section */

/* Begin PBXSourcesBuildPhase section */
		021BD71826817C9C00D265FB /* Sources */ = {
			isa = PBXSourcesBuildPhase;
			buildActionMask = 2147483647;
			files = (
				021BD73B26817CD600D265FB /* PostViewController.swift in Sources */,
				021BD74326817CFB00D265FB /* PostData.swift in Sources */,
				021BD72026817C9C00D265FB /* AppDelegate.swift in Sources */,
				021BD72226817C9C00D265FB /* SceneDelegate.swift in Sources */,
				021BD74626817D0E00D265FB /* PostCell.swift in Sources */,
			);
			runOnlyForDeploymentPostprocessing = 0;
		};
/* End PBXSourcesBuildPhase section */

/* Begin PBXVariantGroup section */
		021BD72A26817C9D00D265FB /* LaunchScreen.storyboard */ = {
			isa = PBXVariantGroup;
			children = (
				021BD72B26817C9D00D265FB /* Base */,
			);
			name = LaunchScreen.storyboard;
			sourceTree = "<group>";
		};
/* End PBXVariantGroup section */

/* Begin XCBuildConfiguration section */
		021BD72E26817C9D00D265FB /* Debug */ = {
			isa = XCBuildConfiguration;
			buildSettings = {
				ALWAYS_SEARCH_USER_PATHS = NO;
				CLANG_ANALYZER_NONNULL = YES;
				CLANG_ANALYZER_NUMBER_OBJECT_CONVERSION = YES_AGGRESSIVE;
				CLANG_CXX_LANGUAGE_STANDARD = "gnu++14";
				CLANG_CXX_LIBRARY = "libc++";
				CLANG_ENABLE_MODULES = YES;
				CLANG_ENABLE_OBJC_ARC = YES;
				CLANG_ENABLE_OBJC_WEAK = YES;
				CLANG_WARN_BLOCK_CAPTURE_AUTORELEASING = YES;
				CLANG_WARN_BOOL_CONVERSION = YES;
				CLANG_WARN_COMMA = YES;
				CLANG_WARN_CONSTANT_CONVERSION = YES;
				CLANG_WARN_DEPRECATED_OBJC_IMPLEMENTATIONS = YES;
				CLANG_WARN_DIRECT_OBJC_ISA_USAGE = YES_ERROR;
				CLANG_WARN_DOCUMENTATION_COMMENTS = YES;
				CLANG_WARN_EMPTY_BODY = YES;
				CLANG_WARN_ENUM_CONVERSION = YES;
				CLANG_WARN_INFINITE_RECURSION = YES;
				CLANG_WARN_INT_CONVERSION = YES;
				CLANG_WARN_NON_LITERAL_NULL_CONVERSION = YES;
				CLANG_WARN_OBJC_IMPLICIT_RETAIN_SELF = YES;
				CLANG_WARN_OBJC_LITERAL_CONVERSION = YES;
				CLANG_WARN_OBJC_ROOT_CLASS = YES_ERROR;
				CLANG_WARN_QUOTED_INCLUDE_IN_FRAMEWORK_HEADER = YES;
				CLANG_WARN_RANGE_LOOP_ANALYSIS = YES;
				CLANG_WARN_STRICT_PROTOTYPES = YES;
				CLANG_WARN_SUSPICIOUS_MOVE = YES;
				CLANG_WARN_UNGUARDED_AVAILABILITY = YES_AGGRESSIVE;
				CLANG_WARN_UNREACHABLE_CODE = YES;
				CLANG_WARN__DUPLICATE_METHOD_MATCH = YES;
				COPY_PHASE_STRIP = NO;
				DEBUG_INFORMATION_FORMAT = dwarf;
				ENABLE_STRICT_OBJC_MSGSEND = YES;
				ENABLE_TESTABILITY = YES;
				GCC_C_LANGUAGE_STANDARD = gnu11;
				GCC_DYNAMIC_NO_PIC = NO;
				GCC_NO_COMMON_BLOCKS = YES;
				GCC_OPTIMIZATION_LEVEL = 0;
				GCC_PREPROCESSOR_DEFINITIONS = (
					"DEBUG=1",
					"$(inherited)",
				);
				GCC_WARN_64_TO_32_BIT_CONVERSION = YES;
				GCC_WARN_ABOUT_RETURN_TYPE = YES_ERROR;
				GCC_WARN_UNDECLARED_SELECTOR = YES;
				GCC_WARN_UNINITIALIZED_AUTOS = YES_AGGRESSIVE;
				GCC_WARN_UNUSED_FUNCTION = YES;
				GCC_WARN_UNUSED_VARIABLE = YES;
				IPHONEOS_DEPLOYMENT_TARGET = 14.4;
				MTL_ENABLE_DEBUG_INFO = INCLUDE_SOURCE;
				MTL_FAST_MATH = YES;
				ONLY_ACTIVE_ARCH = YES;
				SDKROOT = iphoneos;
				SWIFT_ACTIVE_COMPILATION_CONDITIONS = DEBUG;
				SWIFT_OPTIMIZATION_LEVEL = "-Onone";
			};
			name = Debug;
		};
		021BD72F26817C9D00D265FB /* Release */ = {
			isa = XCBuildConfiguration;
			buildSettings = {
				ALWAYS_SEARCH_USER_PATHS = NO;
				CLANG_ANALYZER_NONNULL = YES;
				CLANG_ANALYZER_NUMBER_OBJECT_CONVERSION = YES_AGGRESSIVE;
				CLANG_CXX_LANGUAGE_STANDARD = "gnu++14";
				CLANG_CXX_LIBRARY = "libc++";
				CLANG_ENABLE_MODULES = YES;
				CLANG_ENABLE_OBJC_ARC = YES;
				CLANG_ENABLE_OBJC_WEAK = YES;
				CLANG_WARN_BLOCK_CAPTURE_AUTORELEASING = YES;
				CLANG_WARN_BOOL_CONVERSION = YES;
				CLANG_WARN_COMMA = YES;
				CLANG_WARN_CONSTANT_CONVERSION = YES;
				CLANG_WARN_DEPRECATED_OBJC_IMPLEMENTATIONS = YES;
				CLANG_WARN_DIRECT_OBJC_ISA_USAGE = YES_ERROR;
				CLANG_WARN_DOCUMENTATION_COMMENTS = YES;
				CLANG_WARN_EMPTY_BODY = YES;
				CLANG_WARN_ENUM_CONVERSION = YES;
				CLANG_WARN_INFINITE_RECURSION = YES;
				CLANG_WARN_INT_CONVERSION = YES;
				CLANG_WARN_NON_LITERAL_NULL_CONVERSION = YES;
				CLANG_WARN_OBJC_IMPLICIT_RETAIN_SELF = YES;
				CLANG_WARN_OBJC_LITERAL_CONVERSION = YES;
				CLANG_WARN_OBJC_ROOT_CLASS = YES_ERROR;
				CLANG_WARN_QUOTED_INCLUDE_IN_FRAMEWORK_HEADER = YES;
				CLANG_WARN_RANGE_LOOP_ANALYSIS = YES;
				CLANG_WARN_STRICT_PROTOTYPES = YES;
				CLANG_WARN_SUSPICIOUS_MOVE = YES;
				CLANG_WARN_UNGUARDED_AVAILABILITY = YES_AGGRESSIVE;
				CLANG_WARN_UNREACHABLE_CODE = YES;
				CLANG_WARN__DUPLICATE_METHOD_MATCH = YES;
				COPY_PHASE_STRIP = NO;
				DEBUG_INFORMATION_FORMAT = "dwarf-with-dsym";
				ENABLE_NS_ASSERTIONS = NO;
				ENABLE_STRICT_OBJC_MSGSEND = YES;
				GCC_C_LANGUAGE_STANDARD = gnu11;
				GCC_NO_COMMON_BLOCKS = YES;
				GCC_WARN_64_TO_32_BIT_CONVERSION = YES;
				GCC_WARN_ABOUT_RETURN_TYPE = YES_ERROR;
				GCC_WARN_UNDECLARED_SELECTOR = YES;
				GCC_WARN_UNINITIALIZED_AUTOS = YES_AGGRESSIVE;
				GCC_WARN_UNUSED_FUNCTION = YES;
				GCC_WARN_UNUSED_VARIABLE = YES;
				IPHONEOS_DEPLOYMENT_TARGET = 14.4;
				MTL_ENABLE_DEBUG_INFO = NO;
				MTL_FAST_MATH = YES;
				SDKROOT = iphoneos;
				SWIFT_COMPILATION_MODE = wholemodule;
				SWIFT_OPTIMIZATION_LEVEL = "-O";
				VALIDATE_PRODUCT = YES;
			};
			name = Release;
		};
		021BD73126817C9D00D265FB /* Debug */ = {
			isa = XCBuildConfiguration;
			buildSettings = {
				ASSETCATALOG_COMPILER_APPICON_NAME = AppIcon;
				ASSETCATALOG_COMPILER_GLOBAL_ACCENT_COLOR_NAME = AccentColor;
				CODE_SIGN_STYLE = Automatic;
				DEVELOPMENT_ASSET_PATHS = "\"APIPractice/Preview Content\"";
				DEVELOPMENT_TEAM = MK3P338UQW;
				ENABLE_PREVIEWS = YES;
				INFOPLIST_FILE = APIPractice/Info.plist;
				LD_RUNPATH_SEARCH_PATHS = (
					"$(inherited)",
					"@executable_path/Frameworks",
				);
				PRODUCT_BUNDLE_IDENTIFIER = com.mizy.APIPractice;
				PRODUCT_NAME = "$(TARGET_NAME)";
				SWIFT_VERSION = 5.0;
				TARGETED_DEVICE_FAMILY = "1,2";
			};
			name = Debug;
		};
		021BD73226817C9D00D265FB /* Release */ = {
			isa = XCBuildConfiguration;
			buildSettings = {
				ASSETCATALOG_COMPILER_APPICON_NAME = AppIcon;
				ASSETCATALOG_COMPILER_GLOBAL_ACCENT_COLOR_NAME = AccentColor;
				CODE_SIGN_STYLE = Automatic;
				DEVELOPMENT_ASSET_PATHS = "\"APIPractice/Preview Content\"";
				DEVELOPMENT_TEAM = MK3P338UQW;
				ENABLE_PREVIEWS = YES;
				INFOPLIST_FILE = APIPractice/Info.plist;
				LD_RUNPATH_SEARCH_PATHS = (
					"$(inherited)",
					"@executable_path/Frameworks",
				);
				PRODUCT_BUNDLE_IDENTIFIER = com.mizy.APIPractice;
				PRODUCT_NAME = "$(TARGET_NAME)";
				SWIFT_VERSION = 5.0;
				TARGETED_DEVICE_FAMILY = "1,2";
			};
			name = Release;
		};
/* End XCBuildConfiguration section */

/* Begin XCConfigurationList section */
		021BD71726817C9C00D265FB /* Build configuration list for PBXProject "APIPractice" */ = {
			isa = XCConfigurationList;
			buildConfigurations = (
				021BD72E26817C9D00D265FB /* Debug */,
				021BD72F26817C9D00D265FB /* Release */,
			);
			defaultConfigurationIsVisible = 0;
			defaultConfigurationName = Release;
		};
		021BD73026817C9D00D265FB /* Build configuration list for PBXNativeTarget "APIPractice" */ = {
			isa = XCConfigurationList;
			buildConfigurations = (
				021BD73126817C9D00D265FB /* Debug */,
				021BD73226817C9D00D265FB /* Release */,
			);
			defaultConfigurationIsVisible = 0;
			defaultConfigurationName = Release;
		};
/* End XCConfigurationList section */
	};
	rootObject = 021BD71426817C9C00D265FB /* Project object */;
}
